// !$*UTF8*$!
{
	archiveVersion = 1;
	classes = {
	};
	objectVersion = 56;
	objects = {

/* Begin PBXBuildFile section */
		1F3CFA8E2A901D150083CE9B /* MovingCardApp.swift in Sources */ = {isa = PBXBuildFile; fileRef = 1F3CFA8D2A901D150083CE9B /* MovingCardApp.swift */; };
		1F3CFA902A901D150083CE9B /* ContentView.swift in Sources */ = {isa = PBXBuildFile; fileRef = 1F3CFA8F2A901D150083CE9B /* ContentView.swift */; };
		1F3CFA922A901D160083CE9B /* Assets.xcassets in Resources */ = {isa = PBXBuildFile; fileRef = 1F3CFA912A901D160083CE9B /* Assets.xcassets */; };
		1F3CFA952A901D160083CE9B /* Preview Assets.xcassets in Resources */ = {isa = PBXBuildFile; fileRef = 1F3CFA942A901D160083CE9B /* Preview Assets.xcassets */; };
		1F3CFA9E2A9027580083CE9B /* Card.swift in Sources */ = {isa = PBXBuildFile; fileRef = 1F3CFA9D2A9027580083CE9B /* Card.swift */; };
		1F3CFAA02A9027DF0083CE9B /* CardView.swift in Sources */ = {isa = PBXBuildFile; fileRef = 1F3CFA9F2A9027DF0083CE9B /* CardView.swift */; };
		1F3CFAA22A902A2E0083CE9B /* CustomStyle.swift in Sources */ = {isa = PBXBuildFile; fileRef = 1F3CFAA12A902A2E0083CE9B /* CustomStyle.swift */; };
/* End PBXBuildFile section */

/* Begin PBXFileReference section */
		1F3CFA8A2A901D150083CE9B /* MovingCard.app */ = {isa = PBXFileReference; explicitFileType = wrapper.application; includeInIndex = 0; path = MovingCard.app; sourceTree = BUILT_PRODUCTS_DIR; };
		1F3CFA8D2A901D150083CE9B /* MovingCardApp.swift */ = {isa = PBXFileReference; lastKnownFileType = sourcecode.swift; path = MovingCardApp.swift; sourceTree = "<group>"; };
		1F3CFA8F2A901D150083CE9B /* ContentView.swift */ = {isa = PBXFileReference; lastKnownFileType = sourcecode.swift; path = ContentView.swift; sourceTree = "<group>"; };
		1F3CFA912A901D160083CE9B /* Assets.xcassets */ = {isa = PBXFileReference; lastKnownFileType = folder.assetcatalog; path = Assets.xcassets; sourceTree = "<group>"; };
		1F3CFA942A901D160083CE9B /* Preview Assets.xcassets */ = {isa = PBXFileReference; lastKnownFileType = folder.assetcatalog; path = "Preview Assets.xcassets"; sourceTree = "<group>"; };
		1F3CFA9D2A9027580083CE9B /* Card.swift */ = {isa = PBXFileReference; lastKnownFileType = sourcecode.swift; path = Card.swift; sourceTree = "<group>"; };
		1F3CFA9F2A9027DF0083CE9B /* CardView.swift */ = {isa = PBXFileReference; lastKnownFileType = sourcecode.swift; path = CardView.swift; sourceTree = "<group>"; };
		1F3CFAA12A902A2E0083CE9B /* CustomStyle.swift */ = {isa = PBXFileReference; lastKnownFileType = sourcecode.swift; path = CustomStyle.swift; sourceTree = "<group>"; };
/* End PBXFileReference section */

/* Begin PBXFrameworksBuildPhase section */
		1F3CFA872A901D150083CE9B /* Frameworks */ = {
			isa = PBXFrameworksBuildPhase;
			buildActionMask = 2147483647;
			files = (
			);
			runOnlyForDeploymentPostprocessing = 0;
		};
/* End PBXFrameworksBuildPhase section */

/* Begin PBXGroup section */
		1F3CFA812A901D150083CE9B = {
			isa = PBXGroup;
			children = (
				1F3CFA8C2A901D150083CE9B /* MovingCard */,
				1F3CFA8B2A901D150083CE9B /* Products */,
			);
			sourceTree = "<group>";
		};
		1F3CFA8B2A901D150083CE9B /* Products */ = {
			isa = PBXGroup;
			children = (
				1F3CFA8A2A901D150083CE9B /* MovingCard.app */,
			);
			name = Products;
			sourceTree = "<group>";
		};
		1F3CFA8C2A901D150083CE9B /* MovingCard */ = {
			isa = PBXGroup;
			children = (
				1F3CFA8D2A901D150083CE9B /* MovingCardApp.swift */,
				1F3CFA8F2A901D150083CE9B /* ContentView.swift */,
				1F3CFA9F2A9027DF0083CE9B /* CardView.swift */,
				1F3CFA9D2A9027580083CE9B /* Card.swift */,
				1F3CFA912A901D160083CE9B /* Assets.xcassets */,
				1F3CFA932A901D160083CE9B /* Preview Content */,
				1F3CFAA12A902A2E0083CE9B /* CustomStyle.swift */,
			);
			path = MovingCard;
			sourceTree = "<group>";
		};
		1F3CFA932A901D160083CE9B /* Preview Content */ = {
			isa = PBXGroup;
			children = (
				1F3CFA942A901D160083CE9B /* Preview Assets.xcassets */,
			);
			path = "Preview Content";
			sourceTree = "<group>";
		};
/* End PBXGroup section */

/* Begin PBXNativeTarget section */
		1F3CFA892A901D150083CE9B /* MovingCard */ = {
			isa = PBXNativeTarget;
			buildConfigurationList = 1F3CFA982A901D160083CE9B /* Build configuration list for PBXNativeTarget "MovingCard" */;
			buildPhases = (
				1F3CFA862A901D150083CE9B /* Sources */,
				1F3CFA872A901D150083CE9B /* Frameworks */,
				1F3CFA882A901D150083CE9B /* Resources */,
			);
			buildRules = (
			);
			dependencies = (
			);
			name = MovingCard;
			productName = MovingCard;
			productReference = 1F3CFA8A2A901D150083CE9B /* MovingCard.app */;
			productType = "com.apple.product-type.application";
		};
/* End PBXNativeTarget section */

/* Begin PBXProject section */
		1F3CFA822A901D150083CE9B /* Project object */ = {
			isa = PBXProject;
			attributes = {
				BuildIndependentTargetsInParallel = 1;
				LastSwiftUpdateCheck = 1420;
				LastUpgradeCheck = 1420;
				TargetAttributes = {
					1F3CFA892A901D150083CE9B = {
						CreatedOnToolsVersion = 14.2;
					};
				};
			};
			buildConfigurationList = 1F3CFA852A901D150083CE9B /* Build configuration list for PBXProject "MovingCard" */;
			compatibilityVersion = "Xcode 14.0";
			developmentRegion = en;
			hasScannedForEncodings = 0;
			knownRegions = (
				en,
				Base,
			);
			mainGroup = 1F3CFA812A901D150083CE9B;
			productRefGroup = 1F3CFA8B2A901D150083CE9B /* Products */;
			projectDirPath = "";
			projectRoot = "";
			targets = (
				1F3CFA892A901D150083CE9B /* MovingCard */,
			);
		};
/* End PBXProject section */

/* Begin PBXResourcesBuildPhase section */
		1F3CFA882A901D150083CE9B /* Resources */ = {
			isa = PBXResourcesBuildPhase;
			buildActionMask = 2147483647;
			files = (
				1F3CFA952A901D160083CE9B /* Preview Assets.xcassets in Resources */,
				1F3CFA922A901D160083CE9B /* Assets.xcassets in Resources */,
			);
			runOnlyForDeploymentPostprocessing = 0;
		};
/* End PBXResourcesBuildPhase section */

/* Begin PBXSourcesBuildPhase section */
		1F3CFA862A901D150083CE9B /* Sources */ = {
			isa = PBXSourcesBuildPhase;
			buildActionMask = 2147483647;
			files = (
				1F3CFA902A901D150083CE9B /* ContentView.swift in Sources */,
				1F3CFA9E2A9027580083CE9B /* Card.swift in Sources */,
				1F3CFAA02A9027DF0083CE9B /* CardView.swift in Sources */,
				1F3CFAA22A902A2E0083CE9B /* CustomStyle.swift in Sources */,
				1F3CFA8E2A901D150083CE9B /* MovingCardApp.swift in Sources */,
			);
			runOnlyForDeploymentPostprocessing = 0;
		};
/* End PBXSourcesBuildPhase section */

/* Begin XCBuildConfiguration section */
		1F3CFA962A901D160083CE9B /* Debug */ = {
			isa = XCBuildConfiguration;
			buildSettings = {
				ALWAYS_SEARCH_USER_PATHS = NO;
				CLANG_ANALYZER_NONNULL = YES;
				CLANG_ANALYZER_NUMBER_OBJECT_CONVERSION = YES_AGGRESSIVE;
				CLANG_CXX_LANGUAGE_STANDARD = "gnu++20";
				CLANG_ENABLE_MODULES = YES;
				CLANG_ENABLE_OBJC_ARC = YES;
				CLANG_ENABLE_OBJC_WEAK = YES;
				CLANG_WARN_BLOCK_CAPTURE_AUTORELEASING = YES;
				CLANG_WARN_BOOL_CONVERSION = YES;
				CLANG_WARN_COMMA = YES;
				CLANG_WARN_CONSTANT_CONVERSION = YES;
				CLANG_WARN_DEPRECATED_OBJC_IMPLEMENTATIONS = YES;
				CLANG_WARN_DIRECT_OBJC_ISA_USAGE = YES_ERROR;
				CLANG_WARN_DOCUMENTATION_COMMENTS = YES;
				CLANG_WARN_EMPTY_BODY = YES;
				CLANG_WARN_ENUM_CONVERSION = YES;
				CLANG_WARN_INFINITE_RECURSION = YES;
				CLANG_WARN_INT_CONVERSION = YES;
				CLANG_WARN_NON_LITERAL_NULL_CONVERSION = YES;
				CLANG_WARN_OBJC_IMPLICIT_RETAIN_SELF = YES;
				CLANG_WARN_OBJC_LITERAL_CONVERSION = YES;
				CLANG_WARN_OBJC_ROOT_CLASS = YES_ERROR;
				CLANG_WARN_QUOTED_INCLUDE_IN_FRAMEWORK_HEADER = YES;
				CLANG_WARN_RANGE_LOOP_ANALYSIS = YES;
				CLANG_WARN_STRICT_PROTOTYPES = YES;
				CLANG_WARN_SUSPICIOUS_MOVE = YES;
				CLANG_WARN_UNGUARDED_AVAILABILITY = YES_AGGRESSIVE;
				CLANG_WARN_UNREACHABLE_CODE = YES;
				CLANG_WARN__DUPLICATE_METHOD_MATCH = YES;
				COPY_PHASE_STRIP = NO;
				DEBUG_INFORMATION_FORMAT = dwarf;
				ENABLE_STRICT_OBJC_MSGSEND = YES;
				ENABLE_TESTABILITY = YES;
				GCC_C_LANGUAGE_STANDARD = gnu11;
				GCC_DYNAMIC_NO_PIC = NO;
				GCC_NO_COMMON_BLOCKS = YES;
				GCC_OPTIMIZATION_LEVEL = 0;
				GCC_PREPROCESSOR_DEFINITIONS = (
					"DEBUG=1",
					"$(inherited)",
				);
				GCC_WARN_64_TO_32_BIT_CONVERSION = YES;
				GCC_WARN_ABOUT_RETURN_TYPE = YES_ERROR;
				GCC_WARN_UNDECLARED_SELECTOR = YES;
				GCC_WARN_UNINITIALIZED_AUTOS = YES_AGGRESSIVE;
				GCC_WARN_UNUSED_FUNCTION = YES;
				GCC_WARN_UNUSED_VARIABLE = YES;
				IPHONEOS_DEPLOYMENT_TARGET = 16.2;
				MTL_ENABLE_DEBUG_INFO = INCLUDE_SOURCE;
				MTL_FAST_MATH = YES;
				ONLY_ACTIVE_ARCH = YES;
				SDKROOT = iphoneos;
				SWIFT_ACTIVE_COMPILATION_CONDITIONS = DEBUG;
				SWIFT_OPTIMIZATION_LEVEL = "-Onone";
			};
			name = Debug;
		};
		1F3CFA972A901D160083CE9B /* Release */ = {
			isa = XCBuildConfiguration;
			buildSettings = {
				ALWAYS_SEARCH_USER_PATHS = NO;
				CLANG_ANALYZER_NONNULL = YES;
				CLANG_ANALYZER_NUMBER_OBJECT_CONVERSION = YES_AGGRESSIVE;
				CLANG_CXX_LANGUAGE_STANDARD = "gnu++20";
				CLANG_ENABLE_MODULES = YES;
				CLANG_ENABLE_OBJC_ARC = YES;
				CLANG_ENABLE_OBJC_WEAK = YES;
				CLANG_WARN_BLOCK_CAPTURE_AUTORELEASING = YES;
				CLANG_WARN_BOOL_CONVERSION = YES;
				CLANG_WARN_COMMA = YES;
				CLANG_WARN_CONSTANT_CONVERSION = YES;
				CLANG_WARN_DEPRECATED_OBJC_IMPLEMENTATIONS = YES;
				CLANG_WARN_DIRECT_OBJC_ISA_USAGE = YES_ERROR;
				CLANG_WARN_DOCUMENTATION_COMMENTS = YES;
				CLANG_WARN_EMPTY_BODY = YES;
				CLANG_WARN_ENUM_CONVERSION = YES;
				CLANG_WARN_INFINITE_RECURSION = YES;
				CLANG_WARN_INT_CONVERSION = YES;
				CLANG_WARN_NON_LITERAL_NULL_CONVERSION = YES;
				CLANG_WARN_OBJC_IMPLICIT_RETAIN_SELF = YES;
				CLANG_WARN_OBJC_LITERAL_CONVERSION = YES;
				CLANG_WARN_OBJC_ROOT_CLASS = YES_ERROR;
				CLANG_WARN_QUOTED_INCLUDE_IN_FRAMEWORK_HEADER = YES;
				CLANG_WARN_RANGE_LOOP_ANALYSIS = YES;
				CLANG_WARN_STRICT_PROTOTYPES = YES;
				CLANG_WARN_SUSPICIOUS_MOVE = YES;
				CLANG_WARN_UNGUARDED_AVAILABILITY = YES_AGGRESSIVE;
				CLANG_WARN_UNREACHABLE_CODE = YES;
				CLANG_WARN__DUPLICATE_METHOD_MATCH = YES;
				COPY_PHASE_STRIP = NO;
				DEBUG_INFORMATION_FORMAT = "dwarf-with-dsym";
				ENABLE_NS_ASSERTIONS = NO;
				ENABLE_STRICT_OBJC_MSGSEND = YES;
				GCC_C_LANGUAGE_STANDARD = gnu11;
				GCC_NO_COMMON_BLOCKS = YES;
				GCC_WARN_64_TO_32_BIT_CONVERSION = YES;
				GCC_WARN_ABOUT_RETURN_TYPE = YES_ERROR;
				GCC_WARN_UNDECLARED_SELECTOR = YES;
				GCC_WARN_UNINITIALIZED_AUTOS = YES_AGGRESSIVE;
				GCC_WARN_UNUSED_FUNCTION = YES;
				GCC_WARN_UNUSED_VARIABLE = YES;
				IPHONEOS_DEPLOYMENT_TARGET = 16.2;
				MTL_ENABLE_DEBUG_INFO = NO;
				MTL_FAST_MATH = YES;
				SDKROOT = iphoneos;
				SWIFT_COMPILATION_MODE = wholemodule;
				SWIFT_OPTIMIZATION_LEVEL = "-O";
				VALIDATE_PRODUCT = YES;
			};
			name = Release;
		};
		1F3CFA992A901D160083CE9B /* Debug */ = {
			isa = XCBuildConfiguration;
			buildSettings = {
				ASSETCATALOG_COMPILER_APPICON_NAME = AppIcon;
				ASSETCATALOG_COMPILER_GLOBAL_ACCENT_COLOR_NAME = AccentColor;
				CODE_SIGN_STYLE = Automatic;
				CURRENT_PROJECT_VERSION = 1;
				DEVELOPMENT_ASSET_PATHS = "\"MovingCard/Preview Content\"";
				ENABLE_PREVIEWS = YES;
				GENERATE_INFOPLIST_FILE = YES;
				INFOPLIST_KEY_UIApplicationSceneManifest_Generation = YES;
				INFOPLIST_KEY_UIApplicationSupportsIndirectInputEvents = YES;
				INFOPLIST_KEY_UILaunchScreen_Generation = YES;
				INFOPLIST_KEY_UISupportedInterfaceOrientations_iPad = "UIInterfaceOrientationPortrait UIInterfaceOrientationPortraitUpsideDown UIInterfaceOrientationLandscapeLeft UIInterfaceOrientationLandscapeRight";
				INFOPLIST_KEY_UISupportedInterfaceOrientations_iPhone = "UIInterfaceOrientationPortrait UIInterfaceOrientationLandscapeLeft UIInterfaceOrientationLandscapeRight";
				LD_RUNPATH_SEARCH_PATHS = (
					"$(inherited)",
					"@executable_path/Frameworks",
				);
				MARKETING_VERSION = 1.0;
				PRODUCT_BUNDLE_IDENTIFIER = ganeshrajugalla.MovingCard;
				PRODUCT_NAME = "$(TARGET_NAME)";
				SWIFT_EMIT_LOC_STRINGS = YES;
				SWIFT_VERSION = 5.0;
				TARGETED_DEVICE_FAMILY = "1,2";
			};
			name = Debug;
		};
		1F3CFA9A2A901D160083CE9B /* Release */ = {
			isa = XCBuildConfiguration;
			buildSettings = {
				ASSETCATALOG_COMPILER_APPICON_NAME = AppIcon;
				ASSETCATALOG_COMPILER_GLOBAL_ACCENT_COLOR_NAME = AccentColor;
				CODE_SIGN_STYLE = Automatic;
				CURRENT_PROJECT_VERSION = 1;
				DEVELOPMENT_ASSET_PATHS = "\"MovingCard/Preview Content\"";
				ENABLE_PREVIEWS = YES;
				GENERATE_INFOPLIST_FILE = YES;
				INFOPLIST_KEY_UIApplicationSceneManifest_Generation = YES;
				INFOPLIST_KEY_UIApplicationSupportsIndirectInputEvents = YES;
				INFOPLIST_KEY_UILaunchScreen_Generation = YES;
				INFOPLIST_KEY_UISupportedInterfaceOrientations_iPad = "UIInterfaceOrientationPortrait UIInterfaceOrientationPortraitUpsideDown UIInterfaceOrientationLandscapeLeft UIInterfaceOrientationLandscapeRight";
				INFOPLIST_KEY_UISupportedInterfaceOrientations_iPhone = "UIInterfaceOrientationPortrait UIInterfaceOrientationLandscapeLeft UIInterfaceOrientationLandscapeRight";
				LD_RUNPATH_SEARCH_PATHS = (
					"$(inherited)",
					"@executable_path/Frameworks",
				);
				MARKETING_VERSION = 1.0;
				PRODUCT_BUNDLE_IDENTIFIER = ganeshrajugalla.MovingCard;
				PRODUCT_NAME = "$(TARGET_NAME)";
				SWIFT_EMIT_LOC_STRINGS = YES;
				SWIFT_VERSION = 5.0;
				TARGETED_DEVICE_FAMILY = "1,2";
			};
			name = Release;
		};
/* End XCBuildConfiguration section */

/* Begin XCConfigurationList section */
		1F3CFA852A901D150083CE9B /* Build configuration list for PBXProject "MovingCard" */ = {
			isa = XCConfigurationList;
			buildConfigurations = (
				1F3CFA962A901D160083CE9B /* Debug */,
				1F3CFA972A901D160083CE9B /* Release */,
			);
			defaultConfigurationIsVisible = 0;
			defaultConfigurationName = Release;
		};
		1F3CFA982A901D160083CE9B /* Build configuration list for PBXNativeTarget "MovingCard" */ = {
			isa = XCConfigurationList;
			buildConfigurations = (
				1F3CFA992A901D160083CE9B /* Debug */,
				1F3CFA9A2A901D160083CE9B /* Release */,
			);
			defaultConfigurationIsVisible = 0;
			defaultConfigurationName = Release;
		};
/* End XCConfigurationList section */
	};
	rootObject = 1F3CFA822A901D150083CE9B /* Project object */;
}
